
Microsoft Visual Studio Solution File, Format Version 12.00
# Visual Studio Version 16
VisualStudioVersion = 16.0.32901.82
MinimumVisualStudioVersion = 10.0.40219.1
Project("{FAE04EC0-301F-11D3-BF4B-00C04F79EFBC}") = "devoir4", "devoir4.csproj", "{F22BEA81-18A5-4944-BDA0-8E55EDDCF338}"
EndProject
Global
	GlobalSection(SolutionConfigurationPlatforms) = preSolution
		Debug|Any CPU = Debug|Any CPU
		Release|Any CPU = Release|Any CPU
	EndGlobalSection
	GlobalSection(ProjectConfigurationPlatforms) = postSolution
		{F22BEA81-18A5-4944-BDA0-8E55EDDCF338}.Debug|Any CPU.ActiveCfg = Debug|Any CPU
		{F22BEA81-18A5-4944-BDA0-8E55EDDCF338}.Debug|Any CPU.Build.0 = Debug|Any CPU
		{F22BEA81-18A5-4944-BDA0-8E55EDDCF338}.Release|Any CPU.ActiveCfg = Release|Any CPU
		{F22BEA81-18A5-4944-BDA0-8E55EDDCF338}.Release|Any CPU.Build.0 = Release|Any CPU
	EndGlobalSection
	GlobalSection(SolutionProperties) = preSolution
		HideSolutionNode = FALSE
	EndGlobalSection
	GlobalSection(ExtensibilityGlobals) = postSolution
		SolutionGuid = {F18BB49A-2C8F-40BE-95E1-D06BF2A2A560}
	EndGlobalSection
EndGlobal
